{
  "name": "telnet-engine",
  "version": "0.0.12",
  "lockfileVersion": 1,
  "requires": true,
  "dependencies": {
    "net": {
      "version": "1.0.2",
      "resolved": "https://registry.npmjs.org/net/-/net-1.0.2.tgz",
      "integrity": "sha1-0XV+yaf7I3HYPPR1XOPifhCCk4g="
    },
    "repeatable-promise": {
      "version": "1.5.5",
      "resolved": "https://registry.npmjs.org/repeatable-promise/-/repeatable-promise-1.5.5.tgz",
      "integrity": "sha512-yQDPATqdP4sPOT+3sKc9+5a7MRaBBpnacSLIgXnHJA4gVjIheiR6QuKApDafjJ2DGQt7KPkDQzOreEcD1YJyWA=="
    }
  }
}
